PODS:
  - Emojize (5.0.6):
    - Files
    - FootlessParser
    - SwiftyJSON
    - SwiftyTimer
  - Files (1.6.2)
  - FootlessParser (2.0.6)
  - Nimble (6.1.0)
  - Quick (1.1.0)
  - SwiftyJSON (3.1.4)
  - SwiftyTimer (2.0.0)

DEPENDENCIES:
  - Emojize (from `.`)
  - Nimble
  - Quick

EXTERNAL SOURCES:
  Emojize:
    :path: "."

SPEC CHECKSUMS:
  Emojize: dfbb4ecaf7f492309d14e790c417386c22bd34ae
  Files: d9733409575a7e49866ed41535abd7116450087f
  FootlessParser: b398f10654ea8aab5305ca0f9025c9b25a8a2562
  Nimble: c53e6903fee94041b90ded74f135820437d8bf59
  Quick: dafc587e21eed9f4cab3249b9f9015b0b7a7f71d
  SwiftyJSON: c2842d878f95482ffceec5709abc3d05680c0220
  SwiftyTimer: 2efd74b060d69ad4f1496baf5bbedbe132125fcf

PODFILE CHECKSUM: 2f14ef1d9258dcecd7977f9fc5a5ca8f8309f3ba

COCOAPODS: 1.2.1.rc.1
